version = 1
revision = 3
requires-python = "==3.12.*"

[[package]]
name = "muran-skill"
version = "0.1.0"
source = { virtual = "." }
dependencies = [
    { name = "pypdfium2" },
    { name = "pyyaml" },
]

[package.metadata]
requires-dist = [
    { name = "pypdfium2", specifier = ">=4.30,<6" },
    { name = "pyyaml", specifier = ">=6.0.2,<7" },
]

[[package]]
name = "pypdfium2"
version = "5.13.0"
source = { registry = "https://pypi.org/simple" }
sdist = { url = "https://files.pythonhosted.org/packages/ec/78/a52cb80611339ec95f35c7a10d7bfe7a6f97f3b50a35a9f94283d062512e/pypdfium2-5.13.0.tar.gz", hash = "sha256:7ca2d8e31bd8d0d40c496416b7d8bea423388669ffd494929f50e8c3a82326b8", size = 273639, upload-time = "2026-08-13T10:58:15.837Z" }
wheels = [
    { url = "https://files.pythonhosted.org/packages/7c/9c/a49050af85055054299c7fab658ac63f8fddde575774aecbf8f71c7a9e5f/pypdfium2-5.13.0-py3-none-android_23_arm64_v8a.whl", hash = "sha256:882f4bbd4b17a335b43603169a14cde9341de12b238acd5c39e690cbca7c4293", size = 3417299, upload-time = "2026-08-13T10:57:40.522Z" },
    { url = "https://files.pythonhosted.org/packages/50/ad/f23027328843ee2bdd05afe16bb101f5906befd0c70de35fa8c53f60a5ff/pypdfium2-5.13.0-py3-none-android_23_armeabi_v7a.whl", hash = "sha256:d96929bde3bd64c771ab3558ca1ffd7704cc4d872ab92cd9f8f8b8a20f7f36b8", size = 2864708, upload-time = "2026-08-13T10:57:42.259Z" },
    { url = "https://files.pythonhosted.org/packages/08/99/1fe58428b69d2722dcbcfaa08ce71834a332c5b518fd58874bcef936b823/pypdfium2-5.13.0-py3-none-macosx_13_0_arm64.whl", hash = "sha256:da5c7b74eebf40b5c1fbe1de01aa1edc8827a79fb1efd999616bc20dcaf77ba4", size = 3507415, upload-time = "2026-08-13T10:57:43.978Z" },
    { url = "https://files.pythonhosted.org/packages/9f/41/06e26da88a4f5b4ed289325868717a186020661b7b221aa6df622711d31b/pypdfium2-5.13.0-py3-none-macosx_13_0_x86_64.whl", hash = "sha256:2abedfb5c70992b19c780ed58d7f7b929e8ce8ee52c9140158f44317c90ec6c7", size = 3670979, upload-time = "2026-08-13T10:57:45.607Z" },
    { url = "https://files.pythonhosted.org/packages/fe/31/f8210d53775f142be934336665b1d60e800c3f176f28c29b4908d945c518/pypdfium2-5.13.0-py3-none-manylinux_2_17_aarch64.manylinux2014_aarch64.whl", hash = "sha256:9ee8c2bb2e68b396ab4a763215ac100dacb6b96d0da5bebeb239a021aecc3a7e", size = 3676486, upload-time = "2026-08-13T10:57:47.267Z" },
    { url = "https://files.pythonhosted.org/packages/94/50/d339fa09fbe592564b100bfc76833170a1104a764a458ac2abfffcb632f2/pypdfium2-5.13.0-py3-none-manylinux_2_17_armv7l.manylinux2014_armv7l.whl", hash = "sha256:07f58e91b8c45ca144a1ff3008faf3c73ef8a5e9fb32988831788363288228cd", size = 3400883, upload-time = "2026-08-13T10:57:49.189Z" },
    { url = "https://files.pythonhosted.org/packages/c3/e0/b10cf41b5e9f0212d014c40635659c6ab95bb4fcc6fc47f5d3c571f8d57f/pypdfium2-5.13.0-py3-none-manylinux_2_17_i686.manylinux2014_i686.whl", hash = "sha256:46b2f5be9e7ae941ee4216e3d20b66f9dc3d81944a3d57756272de5275204709", size = 3803912, upload-time = "2026-08-13T10:57:50.865Z" },
    { url = "https://files.pythonhosted.org/packages/a7/d8/25ba4ce9a9059ece82f4514df0658fde0aa9bbeafe135e76017c052bf56f/pypdfium2-5.13.0-py3-none-manylinux_2_17_ppc64le.manylinux2014_ppc64le.whl", hash = "sha256:d96beb7f379e6c76d874ca93fcd182ac3168dd499056407070f9927fb1061b8e", size = 4218231, upload-time = "2026-08-13T10:57:52.525Z" },
    { url = "https://files.pythonhosted.org/packages/d3/7c/74a2fb48e5b0d2402d9ca64b39074c722d67e9a8a2c58449a843a8c2329a/pypdfium2-5.13.0-py3-none-manylinux_2_17_x86_64.manylinux2014_x86_64.whl", hash = "sha256:81df25c1ab4c13ff773102d3cbea1967511d079123b067fc077bd0c4d57d91d8", size = 3730077, upload-time = "2026-08-13T10:57:54.021Z" },
    { url = "https://files.pythonhosted.org/packages/59/12/8c922f00518c26dc47d3676cc09c1d3c95e991c1977e31067d23cc2215cb/pypdfium2-5.13.0-py3-none-manylinux_2_27_s390x.manylinux_2_28_s390x.whl", hash = "sha256:d66a32d89fa5b4a2715810171239eb194df4aba604727483ab760512f3c6a851", size = 4031512, upload-time = "2026-08-13T10:57:55.736Z" },
    { url = "https://files.pythonhosted.org/packages/c6/48/a171d034c2dac01adcc57d3dad3c97ba11f19d916f421176002c9e02c904/pypdfium2-5.13.0-py3-none-manylinux_2_34_riscv64.manylinux_2_39_riscv64.whl", hash = "sha256:b90b0a5ac310bb34db8eb848e58fcab4e201e124e3cf3cb1ccb7b85293e034af", size = 3995485, upload-time = "2026-08-13T10:57:57.39Z" },
    { url = "https://files.pythonhosted.org/packages/36/2e/dcb24776d409bb9e5b7fb26a0c62a87b98ab0e30dfcca645eaf31e35123b/pypdfium2-5.13.0-py3-none-musllinux_1_2_aarch64.whl", hash = "sha256:ada81c36483cd61d07e32bc7814620ee96256b4f421b913f566861bf91800248", size = 5016636, upload-time = "2026-08-13T10:57:59.181Z" },
    { url = "https://files.pythonhosted.org/packages/93/24/1fab8470fc6de6f4481f009c90757b1a1ee0a61d8e864ed273f72ffca855/pypdfium2-5.13.0-py3-none-musllinux_1_2_armv7l.whl", hash = "sha256:3826e521e895648983cb9ee6b934d4bf51552600043984f84e9c2b3b14b696f3", size = 4555251, upload-time = "2026-08-13T10:58:00.753Z" },
    { url = "https://files.pythonhosted.org/packages/cd/ef/6e8dbea1eddcb55cf34172753ffccd39566333c803cc94d43c653f369f2f/pypdfium2-5.13.0-py3-none-musllinux_1_2_i686.whl", hash = "sha256:5c029d7163a91f264eafab51fb442a84a33efd9fd83d5a06c0136a7857a3cc8d", size = 5263483, upload-time = "2026-08-13T10:58:02.48Z" },
    { url = "https://files.pythonhosted.org/packages/53/fe/2ff673730189a621c01f9193c74b0f6aa70d8740889fdf11949e1c541869/pypdfium2-5.13.0-py3-none-musllinux_1_2_ppc64le.whl", hash = "sha256:be2dccbde0ce7efe334ecd8f348df4308db360756ede4f0821d82dfc9a58caa8", size = 5144135, upload-time = "2026-08-13T10:58:04.351Z" },
    { url = "https://files.pythonhosted.org/packages/19/0b/759b9037c007317fa5c990dd3f6eff2b99d3fbced251d1e2512be92f2e2e/pypdfium2-5.13.0-py3-none-musllinux_1_2_riscv64.whl", hash = "sha256:bcd81394fe101405e026eedb3e40bef84635c1e5d974dd6036420eb6937753c6", size = 4648156, upload-time = "2026-08-13T10:58:06.036Z" },
    { url = "https://files.pythonhosted.org/packages/db/3b/ffe29679c52efe8eb02d77aa6656e6d6201395423329af018ebd5923a3d0/pypdfium2-5.13.0-py3-none-musllinux_1_2_s390x.whl", hash = "sha256:2ed32ff685f8e05e637c990bedbf5fca66727bf27718d8bc33eeab21ce0630d1", size = 5089852, upload-time = "2026-08-13T10:58:07.791Z" },
    { url = "https://files.pythonhosted.org/packages/7b/b6/cebacc1601ddfdcd1e6a1dc321533d215ceccf9b825fa9b91b11c6dc39fb/pypdfium2-5.13.0-py3-none-musllinux_1_2_x86_64.whl", hash = "sha256:9c777edba28d1d5fd15435ed3a78ee2fdb93dd069be37cb53b559bc122793770", size = 5074153, upload-time = "2026-08-13T10:58:09.396Z" },
    { url = "https://files.pythonhosted.org/packages/54/40/cf14c4f534f817788966857afdedb90002198dca5ce4fe2c6ecb031955ae/pypdfium2-5.13.0-py3-none-win32.whl", hash = "sha256:d33ee7077db67478b75efe4b5ea9610fb96c5416a0bc4949227f0f59c34dfcd9", size = 3753164, upload-time = "2026-08-13T10:58:10.97Z" },
    { url = "https://files.pythonhosted.org/packages/5d/99/a37b6b902457569468ed5908c94e56cb6c4032541f02cf89f723d42a9148/pypdfium2-5.13.0-py3-none-win_amd64.whl", hash = "sha256:47dcca2a8d507b5fd24f94c3c9d48fb379430f097bc20f01beff6c963ffbcedb", size = 3885553, upload-time = "2026-08-13T10:58:12.709Z" },
    { url = "https://files.pythonhosted.org/packages/50/7f/d39f6e64375c2ffd50ea100e3c73af79085c880c2791eb7203bc61d8913f/pypdfium2-5.13.0-py3-none-win_arm64.whl", hash = "sha256:554a0b23376460af1410e3c915906895e2dac67a086b9e6ccde0643a795d3b0d", size = 3700026, upload-time = "2026-08-13T10:58:14.206Z" },
]

[[package]]
name = "pyyaml"
version = "6.0.3"
source = { registry = "https://pypi.org/simple" }
sdist = { url = "https://files.pythonhosted.org/packages/05/8e/961c0007c59b8dd7729d542c61a4d537767a59645b82a0b521206e1e25c2/pyyaml-6.0.3.tar.gz", hash = "sha256:d76623373421df22fb4cf8817020cbb7ef15c725b9d5e45f17e189bfc384190f", size = 130960, upload-time = "2025-09-25T21:33:16.546Z" }
wheels = [
    { url = "https://files.pythonhosted.org/packages/d1/33/422b98d2195232ca1826284a76852ad5a86fe23e31b009c9886b2d0fb8b2/pyyaml-6.0.3-cp312-cp312-macosx_10_13_x86_64.whl", hash = "sha256:7f047e29dcae44602496db43be01ad42fc6f1cc0d8cd6c83d342306c32270196", size = 182063, upload-time = "2025-09-25T21:32:11.445Z" },
    { url = "https://files.pythonhosted.org/packages/89/a0/6cf41a19a1f2f3feab0e9c0b74134aa2ce6849093d5517a0c550fe37a648/pyyaml-6.0.3-cp312-cp312-macosx_11_0_arm64.whl", hash = "sha256:fc09d0aa354569bc501d4e787133afc08552722d3ab34836a80547331bb5d4a0", size = 173973, upload-time = "2025-09-25T21:32:12.492Z" },
    { url = "https://files.pythonhosted.org/packages/ed/23/7a778b6bd0b9a8039df8b1b1d80e2e2ad78aa04171592c8a5c43a56a6af4/pyyaml-6.0.3-cp312-cp312-manylinux2014_aarch64.manylinux_2_17_aarch64.manylinux_2_28_aarch64.whl", hash = "sha256:9149cad251584d5fb4981be1ecde53a1ca46c891a79788c0df828d2f166bda28", size = 775116, upload-time = "2025-09-25T21:32:13.652Z" },
    { url = "https://files.pythonhosted.org/packages/65/30/d7353c338e12baef4ecc1b09e877c1970bd3382789c159b4f89d6a70dc09/pyyaml-6.0.3-cp312-cp312-manylinux2014_s390x.manylinux_2_17_s390x.manylinux_2_28_s390x.whl", hash = "sha256:5fdec68f91a0c6739b380c83b951e2c72ac0197ace422360e6d5a959d8d97b2c", size = 844011, upload-time = "2025-09-25T21:32:15.21Z" },
    { url = "https://files.pythonhosted.org/packages/8b/9d/b3589d3877982d4f2329302ef98a8026e7f4443c765c46cfecc8858c6b4b/pyyaml-6.0.3-cp312-cp312-manylinux2014_x86_64.manylinux_2_17_x86_64.manylinux_2_28_x86_64.whl", hash = "sha256:ba1cc08a7ccde2d2ec775841541641e4548226580ab850948cbfda66a1befcdc", size = 807870, upload-time = "2025-09-25T21:32:16.431Z" },
    { url = "https://files.pythonhosted.org/packages/05/c0/b3be26a015601b822b97d9149ff8cb5ead58c66f981e04fedf4e762f4bd4/pyyaml-6.0.3-cp312-cp312-musllinux_1_2_aarch64.whl", hash = "sha256:8dc52c23056b9ddd46818a57b78404882310fb473d63f17b07d5c40421e47f8e", size = 761089, upload-time = "2025-09-25T21:32:17.56Z" },
    { url = "https://files.pythonhosted.org/packages/be/8e/98435a21d1d4b46590d5459a22d88128103f8da4c2d4cb8f14f2a96504e1/pyyaml-6.0.3-cp312-cp312-musllinux_1_2_x86_64.whl", hash = "sha256:41715c910c881bc081f1e8872880d3c650acf13dfa8214bad49ed4cede7c34ea", size = 790181, upload-time = "2025-09-25T21:32:18.834Z" },
    { url = "https://files.pythonhosted.org/packages/74/93/7baea19427dcfbe1e5a372d81473250b379f04b1bd3c4c5ff825e2327202/pyyaml-6.0.3-cp312-cp312-win32.whl", hash = "sha256:96b533f0e99f6579b3d4d4995707cf36df9100d67e0c8303a0c55b27b5f99bc5", size = 137658, upload-time = "2025-09-25T21:32:20.209Z" },
    { url = "https://files.pythonhosted.org/packages/86/bf/899e81e4cce32febab4fb42bb97dcdf66bc135272882d1987881a4b519e9/pyyaml-6.0.3-cp312-cp312-win_amd64.whl", hash = "sha256:5fcd34e47f6e0b794d17de1b4ff496c00986e1c83f7ab2fb8fcfe9616ff7477b", size = 154003, upload-time = "2025-09-25T21:32:21.167Z" },
    { url = "https://files.pythonhosted.org/packages/1a/08/67bd04656199bbb51dbed1439b7f27601dfb576fb864099c7ef0c3e55531/pyyaml-6.0.3-cp312-cp312-win_arm64.whl", hash = "sha256:64386e5e707d03a7e172c0701abfb7e10f0fb753ee1d773128192742712a98fd", size = 140344, upload-time = "2025-09-25T21:32:22.617Z" },
]
